
Microsoft Visual Studio Solution File, Format Version 12.00
# Visual Studio 15
VisualStudioVersion = 15.0.28307.705
MinimumVisualStudioVersion = 10.0.40219.1
Project("{FAE04EC0-301F-11D3-BF4B-00C04F79EFBC}") = "CuaHangDoChoi", "CuaHangDoChoi\CuaHangDoChoi.csproj", "{AD65D7DE-2133-4712-B1FB-BB5F8164A012}"
EndProject
Project("{FAE04EC0-301F-11D3-BF4B-00C04F79EFBC}") = "BUS", "BUS\BUS.csproj", "{30FA8ADE-9A45-4A80-B4D3-44B91060006E}"
EndProject
Project("{FAE04EC0-301F-11D3-BF4B-00C04F79EFBC}") = "DAO", "DAO\DAO.csproj", "{F1434A14-B9DC-4DBC-B3CB-4BEE3B098935}"
EndProject
Project("{FAE04EC0-301F-11D3-BF4B-00C04F79EFBC}") = "DTO", "DTO\DTO.csproj", "{67600F82-3E9B-4E37-889A-F6CEF0872D3A}"
EndProject
Project("{FAE04EC0-301F-11D3-BF4B-00C04F79EFBC}") = "UnitTestCuaHangDoChoi", "UnitTestCuaHangDoChoi\UnitTestCuaHangDoChoi.csproj", "{09988DAA-9564-4B9D-AC58-7A747AA59F96}"
EndProject
Global
	GlobalSection(SolutionConfigurationPlatforms) = preSolution
		Debug|Any CPU = Debug|Any CPU
		Release|Any CPU = Release|Any CPU
	EndGlobalSection
	GlobalSection(ProjectConfigurationPlatforms) = postSolution
		{AD65D7DE-2133-4712-B1FB-BB5F8164A012}.Debug|Any CPU.ActiveCfg = Debug|Any CPU
		{AD65D7DE-2133-4712-B1FB-BB5F8164A012}.Debug|Any CPU.Build.0 = Debug|Any CPU
		{AD65D7DE-2133-4712-B1FB-BB5F8164A012}.Release|Any CPU.ActiveCfg = Release|Any CPU
		{AD65D7DE-2133-4712-B1FB-BB5F8164A012}.Release|Any CPU.Build.0 = Release|Any CPU
		{30FA8ADE-9A45-4A80-B4D3-44B91060006E}.Debug|Any CPU.ActiveCfg = Debug|Any CPU
		{30FA8ADE-9A45-4A80-B4D3-44B91060006E}.Debug|Any CPU.Build.0 = Debug|Any CPU
		{30FA8ADE-9A45-4A80-B4D3-44B91060006E}.Release|Any CPU.ActiveCfg = Release|Any CPU
		{30FA8ADE-9A45-4A80-B4D3-44B91060006E}.Release|Any CPU.Build.0 = Release|Any CPU
		{F1434A14-B9DC-4DBC-B3CB-4BEE3B098935}.Debug|Any CPU.ActiveCfg = Debug|Any CPU
		{F1434A14-B9DC-4DBC-B3CB-4BEE3B098935}.Debug|Any CPU.Build.0 = Debug|Any CPU
		{F1434A14-B9DC-4DBC-B3CB-4BEE3B098935}.Release|Any CPU.ActiveCfg = Release|Any CPU
		{F1434A14-B9DC-4DBC-B3CB-4BEE3B098935}.Release|Any CPU.Build.0 = Release|Any CPU
		{67600F82-3E9B-4E37-889A-F6CEF0872D3A}.Debug|Any CPU.ActiveCfg = Debug|Any CPU
		{67600F82-3E9B-4E37-889A-F6CEF0872D3A}.Debug|Any CPU.Build.0 = Debug|Any CPU
		{67600F82-3E9B-4E37-889A-F6CEF0872D3A}.Release|Any CPU.ActiveCfg = Release|Any CPU
		{67600F82-3E9B-4E37-889A-F6CEF0872D3A}.Release|Any CPU.Build.0 = Release|Any CPU
		{09988DAA-9564-4B9D-AC58-7A747AA59F96}.Debug|Any CPU.ActiveCfg = Debug|Any CPU
		{09988DAA-9564-4B9D-AC58-7A747AA59F96}.Debug|Any CPU.Build.0 = Debug|Any CPU
		{09988DAA-9564-4B9D-AC58-7A747AA59F96}.Release|Any CPU.ActiveCfg = Release|Any CPU
		{09988DAA-9564-4B9D-AC58-7A747AA59F96}.Release|Any CPU.Build.0 = Release|Any CPU
	EndGlobalSection
	GlobalSection(SolutionProperties) = preSolution
		HideSolutionNode = FALSE
	EndGlobalSection
	GlobalSection(ExtensibilityGlobals) = postSolution
		SolutionGuid = {FDF43969-F332-4DA2-842F-EB186B8A6F6E}
	EndGlobalSection
EndGlobal
